
Microsoft Visual Studio Solution File, Format Version 12.00
# Visual Studio 2013
VisualStudioVersion = 12.0.31101.0
MinimumVisualStudioVersion = 10.0.40219.1
Project("{FAE04EC0-301F-11D3-BF4B-00C04F79EFBC}") = "GenericUTurn", "GenericUTurn\GenericUTurn.csproj", "{CF61B110-08C8-4B8F-A59E-5FD058B3FE93}"
EndProject
Project("{FAE04EC0-301F-11D3-BF4B-00C04F79EFBC}") = "GenericUTurn.ServiceClient", "GenericUTurn.ServiceClient\GenericUTurn.ServiceClient.csproj", "{1963F921-5D10-4A95-8632-435D25D232AE}"
EndProject
Project("{FAE04EC0-301F-11D3-BF4B-00C04F79EFBC}") = "GenericUTurn.Xml", "GenericUTurn.Xml\GenericUTurn.Xml.csproj", "{FE2BCF74-5AE2-4EAC-BDFE-1A653154196E}"
EndProject
Project("{FAE04EC0-301F-11D3-BF4B-00C04F79EFBC}") = "GenericUTurn.POCO", "GenericUTurn.POCO\GenericUTurn.POCO.csproj", "{B812098F-4C00-45A2-A7AC-B662F3C4B8DB}"
EndProject
Project("{E24C65DC-7377-472B-9ABA-BC803B73C61A}") = "GenericUTurn.HttpHandler", "GenericUTurn.HttpHandler\", "{BB8C1826-77B1-4A0A-841E-3E7C3126AD2F}"
	ProjectSection(WebsiteProperties) = preProject
		TargetFrameworkMoniker = ".NETFramework,Version%3Dv4.5"
		Debug.AspNetCompiler.VirtualPath = "/localhost_52663"
		Debug.AspNetCompiler.PhysicalPath = "GenericUTurn.HttpHandler\"
		Debug.AspNetCompiler.TargetPath = "PrecompiledWeb\localhost_52663\"
		Debug.AspNetCompiler.Updateable = "true"
		Debug.AspNetCompiler.ForceOverwrite = "true"
		Debug.AspNetCompiler.FixedNames = "false"
		Debug.AspNetCompiler.Debug = "True"
		Release.AspNetCompiler.VirtualPath = "/localhost_52663"
		Release.AspNetCompiler.PhysicalPath = "GenericUTurn.HttpHandler\"
		Release.AspNetCompiler.TargetPath = "PrecompiledWeb\localhost_52663\"
		Release.AspNetCompiler.Updateable = "true"
		Release.AspNetCompiler.ForceOverwrite = "true"
		Release.AspNetCompiler.FixedNames = "false"
		Release.AspNetCompiler.Debug = "False"
		VWDPort = "52663"
		SlnRelativePath = "GenericUTurn.HttpHandler\"
		DefaultWebSiteLanguage = "Visual C#"
	EndProjectSection
EndProject
Project("{FAE04EC0-301F-11D3-BF4B-00C04F79EFBC}") = "GenericUTurn.ServiceService", "GenericUTurn.ServiceService\GenericUTurn.ServiceService.csproj", "{EBBB7FBB-2852-45ED-94B4-CBD5651AAB78}"
EndProject
Global
	GlobalSection(SolutionConfigurationPlatforms) = preSolution
		Debug|x86 = Debug|x86
		Release|x86 = Release|x86
	EndGlobalSection
	GlobalSection(ProjectConfigurationPlatforms) = postSolution
		{CF61B110-08C8-4B8F-A59E-5FD058B3FE93}.Debug|x86.ActiveCfg = Debug|x86
		{CF61B110-08C8-4B8F-A59E-5FD058B3FE93}.Debug|x86.Build.0 = Debug|x86
		{CF61B110-08C8-4B8F-A59E-5FD058B3FE93}.Release|x86.ActiveCfg = Release|x86
		{CF61B110-08C8-4B8F-A59E-5FD058B3FE93}.Release|x86.Build.0 = Release|x86
		{1963F921-5D10-4A95-8632-435D25D232AE}.Debug|x86.ActiveCfg = Debug|x86
		{1963F921-5D10-4A95-8632-435D25D232AE}.Debug|x86.Build.0 = Debug|x86
		{1963F921-5D10-4A95-8632-435D25D232AE}.Release|x86.ActiveCfg = Release|x86
		{1963F921-5D10-4A95-8632-435D25D232AE}.Release|x86.Build.0 = Release|x86
		{FE2BCF74-5AE2-4EAC-BDFE-1A653154196E}.Debug|x86.ActiveCfg = Debug|x86
		{FE2BCF74-5AE2-4EAC-BDFE-1A653154196E}.Debug|x86.Build.0 = Debug|x86
		{FE2BCF74-5AE2-4EAC-BDFE-1A653154196E}.Release|x86.ActiveCfg = Release|x86
		{FE2BCF74-5AE2-4EAC-BDFE-1A653154196E}.Release|x86.Build.0 = Release|x86
		{B812098F-4C00-45A2-A7AC-B662F3C4B8DB}.Debug|x86.ActiveCfg = Debug|x86
		{B812098F-4C00-45A2-A7AC-B662F3C4B8DB}.Debug|x86.Build.0 = Debug|x86
		{B812098F-4C00-45A2-A7AC-B662F3C4B8DB}.Release|x86.ActiveCfg = Release|x86
		{B812098F-4C00-45A2-A7AC-B662F3C4B8DB}.Release|x86.Build.0 = Release|x86
		{BB8C1826-77B1-4A0A-841E-3E7C3126AD2F}.Debug|x86.ActiveCfg = Debug|Any CPU
		{BB8C1826-77B1-4A0A-841E-3E7C3126AD2F}.Debug|x86.Build.0 = Debug|Any CPU
		{BB8C1826-77B1-4A0A-841E-3E7C3126AD2F}.Release|x86.ActiveCfg = Debug|Any CPU
		{BB8C1826-77B1-4A0A-841E-3E7C3126AD2F}.Release|x86.Build.0 = Debug|Any CPU
		{EBBB7FBB-2852-45ED-94B4-CBD5651AAB78}.Debug|x86.ActiveCfg = Debug|x86
		{EBBB7FBB-2852-45ED-94B4-CBD5651AAB78}.Debug|x86.Build.0 = Debug|x86
		{EBBB7FBB-2852-45ED-94B4-CBD5651AAB78}.Release|x86.ActiveCfg = Release|x86
		{EBBB7FBB-2852-45ED-94B4-CBD5651AAB78}.Release|x86.Build.0 = Release|x86
	EndGlobalSection
	GlobalSection(SolutionProperties) = preSolution
		HideSolutionNode = FALSE
	EndGlobalSection
EndGlobal
